
Microsoft Visual Studio Solution File, Format Version 12.00
# Visual Studio Version 18
VisualStudioVersion = 18.2.11408.102 d18.0
MinimumVisualStudioVersion = 10.0.40219.1
Project("{FAE04EC0-301F-11D3-BF4B-00C04F79EFBC}") = "Gestion des Vacataires", "Gestion des Vacataires.csproj", "{AD29162D-714A-C8C1-3093-4250F2799504}"
EndProject
Global
	GlobalSection(SolutionConfigurationPlatforms) = preSolution
		Debug|Any CPU = Debug|Any CPU
		Release|Any CPU = Release|Any CPU
	EndGlobalSection
	GlobalSection(ProjectConfigurationPlatforms) = postSolution
		{AD29162D-714A-C8C1-3093-4250F2799504}.Debug|Any CPU.ActiveCfg = Debug|Any CPU
		{AD29162D-714A-C8C1-3093-4250F2799504}.Debug|Any CPU.Build.0 = Debug|Any CPU
		{AD29162D-714A-C8C1-3093-4250F2799504}.Release|Any CPU.ActiveCfg = Release|Any CPU
		{AD29162D-714A-C8C1-3093-4250F2799504}.Release|Any CPU.Build.0 = Release|Any CPU
	EndGlobalSection
	GlobalSection(SolutionProperties) = preSolution
		HideSolutionNode = FALSE
	EndGlobalSection
	GlobalSection(ExtensibilityGlobals) = postSolution
		SolutionGuid = {33595275-F21B-4E15-870D-155D2CC17106}
	EndGlobalSection
EndGlobal
